{
  "version": 4,
  "terraform_version": "1.5.7",
  "serial": 520,
  "lineage": "df8c40df-aba7-2ea4-8ff3-6a84f921bbee",
  "outputs": {
    "f5_password": {
      "value": "XuOIAk4cNw",
      "type": "string"
    },
    "f5_pub_cidr": {
      "value": "10.0.2.0/24",
      "type": "string"
    },
    "f5_pub_ip": {
      "value": "10.0.2.10",
      "type": "string"
    },
    "f5_tmui": {
      "value": "https://18.132.218.33",
      "type": "string"
    },
    "f5_user": {
      "value": "admin",
      "type": "string"
    }
  },
  "resources": [
    {
      "mode": "data",
      "type": "aws_ami",
      "name": "f5_ami",
      "provider": "provider[\"registry.terraform.io/hashicorp/aws\"]",
      "instances": [
        {
          "schema_version": 0,
          "attributes": {
            "architecture": "x86_64",
            "arn": "arn:aws:ec2:eu-west-2::image/ami-0653d4bb7ee2fc8ed",
            "block_device_mappings": [
              {
                "device_name": "/dev/xvda",
                "ebs": {
                  "delete_on_termination": "true",
                  "encrypted": "false",
                  "iops": "0",
                  "snapshot_id": "snap-0c9907e3c23e7ebc3",
                  "throughput": "0",
                  "volume_size": "77",
                  "volume_type": "gp2"
                },
                "no_device": "",
                "virtual_name": ""
              }
            ],
            "boot_mode": "",
            "creation_date": "2024-04-22T12:11:53.000Z",
            "deprecation_time": "2026-04-22T12:11:53.000Z",
            "description": "F5 BIGIP-15.1.10.4-0.0.5 PAYG-Best Plus 25Mbps-240322174142",
            "ena_support": true,
            "executable_users": null,
            "filter": [
              {
                "name": "name",
                "values": [
                  "F5*BIGIP-15.1.10.4-0.0.5*PAYG-Best*Plus*25Mbps*"
                ]
              }
            ],
            "hypervisor": "xen",
            "id": "ami-0653d4bb7ee2fc8ed",
            "image_id": "ami-0653d4bb7ee2fc8ed",
            "image_location": "aws-marketplace/F5 BIGIP-15.1.10.4-0.0.5 PAYG-Best Plus 25Mbps-240322174142-6d4b625a-1e4a-424c-8015-db245e93cfd1",
            "image_owner_alias": "aws-marketplace",
            "image_type": "machine",
            "imds_support": "",
            "include_deprecated": false,
            "kernel_id": "",
            "most_recent": true,
            "name": "F5 BIGIP-15.1.10.4-0.0.5 PAYG-Best Plus 25Mbps-240322174142-6d4b625a-1e4a-424c-8015-db245e93cfd1",
            "name_regex": null,
            "owner_id": "679593333241",
            "owners": [
              "679593333241"
            ],
            "platform": "",
            "platform_details": "Linux/UNIX",
            "product_codes": [
              {
                "product_code_id": "6gxrih3enhavyxlj11or9z9ht",
                "product_code_type": "marketplace"
              }
            ],
            "public": true,
            "ramdisk_id": "",
            "root_device_name": "/dev/xvda",
            "root_device_type": "ebs",
            "root_snapshot_id": "snap-0c9907e3c23e7ebc3",
            "sriov_net_support": "simple",
            "state": "available",
            "state_reason": {
              "code": "UNSET",
              "message": "UNSET"
            },
            "tags": {},
            "timeouts": null,
            "tpm_support": "",
            "usage_operation": "RunInstances",
            "virtualization_type": "hvm"
          },
          "sensitive_attributes": []
        }
      ]
    },
    {
      "mode": "data",
      "type": "aws_subnet",
      "name": "f5_pub_data",
      "provider": "provider[\"registry.terraform.io/hashicorp/aws\"]",
      "instances": [
        {
          "schema_version": 0,
          "attributes": {
            "arn": "arn:aws:ec2:eu-west-2:524339405707:subnet/subnet-07a96497c87179fc6",
            "assign_ipv6_address_on_creation": false,
            "availability_zone": "eu-west-2a",
            "availability_zone_id": "euw2-az2",
            "available_ip_address_count": 251,
            "cidr_block": "10.0.2.0/24",
            "customer_owned_ipv4_pool": "",
            "default_for_az": false,
            "enable_dns64": false,
            "enable_lni_at_device_index": 0,
            "enable_resource_name_dns_a_record_on_launch": false,
            "enable_resource_name_dns_aaaa_record_on_launch": false,
            "filter": null,
            "id": "subnet-07a96497c87179fc6",
            "ipv6_cidr_block": "",
            "ipv6_cidr_block_association_id": "",
            "ipv6_native": false,
            "map_customer_owned_ip_on_launch": false,
            "map_public_ip_on_launch": false,
            "outpost_arn": "",
            "owner_id": "524339405707",
            "private_dns_hostname_type_on_launch": "ip-name",
            "state": "available",
            "tags": {
              "Environment": "ob1-vpc-teraform",
              "Name": "ob1-f5-vpc-public-eu-west-2a"
            },
            "timeouts": null,
            "vpc_id": "vpc-03a7f9c1ce1198d8a"
          },
          "sensitive_attributes": []
        }
      ]
    },
    {
      "mode": "data",
      "type": "template_file",
      "name": "f5_init",
      "provider": "provider[\"registry.terraform.io/hashicorp/template\"]",
      "instances": [
        {
          "schema_version": 0,
          "attributes": {
            "filename": null,
            "id": "a278732dca858dcc93de740673d1c8775b411ec56ee1dcc43cce469b38029a8f",
            "rendered": "#!/bin/bash\n# aws\n# Script must be non-blocking or run in the background.\nmkdir -p /config/cloud\ncat \u003c\u003c 'EOF' \u003e /config/cloud/startup-script.sh\n#!/bin/bash\n#############################\n# BIG-IPS ONBOARD SCRIPT\n#############################\nLOG_FILE=/var/log/startup-script.log\nif [ ! -e $LOG_FILE ]\nthen\n     touch $LOG_FILE\n     exec \u0026\u003e\u003e$LOG_FILE\nelse\n    #if file exists, exit as only want to run once\n    exit\nfi\nexec 1\u003e$LOG_FILE 2\u003e\u00261\n\n#############################\n# CHECK TO SEE NETWORK IS READY\n#############################\ncount=0\nwhile true\ndo\n  STATUS=$(curl -s -k -I https://github.com | grep HTTP)\n  if [[ $STATUS == *\"200\"* ]]; then\n    echo \"internet access check passed\"\n    break\n  elif [ $count -le 6 ]; then\n    echo \"Status code: $STATUS  Not done yet...\"\n    count=$[$count+1]\n  else\n    echo \"GIVE UP...\"\n    break\n  fi\n  sleep 10\ndone\n\n#############################\n# WAIT FOR BIG-IP SYSTEMS \u0026 API TO BE UP\n#############################\ncurl -o /config/cloud/utils.sh -s --fail --retry 60 -m 10 -L https://raw.githubusercontent.com/F5Networks/f5-cloud-libs/develop/scripts/util.sh\n. /config/cloud/utils.sh\nwait_for_bigip\n\n#############################\n# WORKAROUND TO INCREASE MEMORY, TO HANDLE ALL \n# AUTOMATION TOOLCHAIN PKGS\n#############################\n# echo \"WORKAROUND TO INCREASE TOOLCHAIN MEMORY - START\"\n# date\n# # Modify restjavad memory\n# tmsh modify sys db provision.extramb value 1000\n# tmsh modify sys db restjavad.useextramb value true\n# tmsh save sys config\n# tmsh restart sys service restjavad\n# echo \"WORKAROUND TO INCREASE TOOLCHAIN MEMORY - DONE\"\n\n#############################\n### SET BIG-IP PASSWORD\n#############################\necho \"SET THE BIG-IP PASSWORD\"\npwd=XuOIAk4cNw\nif [ -z \"$pwd\" ]\nthen\n  echo \"ERROR: UNABLE TO OBTAIN PASSWORD\"\nelse\n  tmsh modify auth user admin password $pwd\nfi\n\n#############################\n## IAPPS DIR FIX\n#############################\n# # start modify appdata directory size\n# echo \"setting app directory size\"\n# tmsh show sys disk directory /appdata\n# # 130,985,984 26,128,384 52,256,768\n# tmsh modify /sys disk directory /appdata new-size 52256768\n# tmsh show sys disk directory /appdata\n# echo \"done setting app directory size\"\n# tmsh save sys config\n# # end modify appdata directory size\n\n#############################\n### GET ATC VERSIONS \u0026 URLS\n#############################\n## set vars\n# constants\nrpmInstallUrl=\"/mgmt/shared/iapp/package-management-tasks\"\nrpmFilePath=\"/var/config/rest/downloads\"\nlocal_host=\"http://localhost:8100\"\n# do\ndoUrl=\"/mgmt/shared/declarative-onboarding\"\ndoCheckUrl=\"/mgmt/shared/declarative-onboarding/info\"\ndoTaskUrl=\"/mgmt/shared/declarative-onboarding/task\"\n# as3\nas3Url=\"/mgmt/shared/appsvcs/declare\"\nas3CheckUrl=\"/mgmt/shared/appsvcs/info\"\nas3TaskUrl=\"/mgmt/shared/appsvcs/task\"\n# ts\ntsUrl=\"/mgmt/shared/telemetry/declare\"\ntsCheckUrl=\"/mgmt/shared/telemetry/info\" \n# cloud failover ext\ncfUrl=\"/mgmt/shared/cloud-failover/declare\"\ncfCheckUrl=\"/mgmt/shared/cloud-failover/info\"\n# fast\nfastCheckUrl=\"/mgmt/shared/fast/info\"\n# vars\nmgmt_port=`tmsh list sys httpd ssl-port | grep ssl-port | sed 's/ssl-port //;s/ //g'`\n# admin_username='$uname'\nadmin_password='$pwd'\n# CREDS=\"$admin_username:$admin_password\"\nCREDS=\"admin:$admin_password\"\ntoolsList=$(cat -\u003c\u003cEND_TOOLS\n{\n  \"tools\": [\n      {\n        \"name\": \"f5-declarative-onboarding\",\n        \"version\": \"latest\"\n      },\n      {\n        \"name\": \"f5-appsvcs-extension\",\n        \"version\": \"latest\"\n      },\n      {\n        \"name\": \"f5-telemetry-streaming\",\n        \"version\": \"latest\"\n      },\n      {\n        \"name\": \"f5-cloud-failover-extension\",\n        \"version\": \"latest\"\n      },\n      {\n        \"name\": \"f5-appsvcs-templates\",\n        \"version\": \"latest\"\n      }\n  ]\n}\nEND_TOOLS\n)\n\n#############################\n# GET ATC PACKAGES\n#############################\nfunction getAtc () {\natc=$(echo $toolsList | jq -r .tools[].name)\nfor tool in $atc\ndo\n    version=$(echo $toolsList | jq -r \".tools[]| select(.name| contains (\\\"$tool\\\")).version\")\n    if [ $version == \"latest\" ]; then\n        path=''\n    else\n        path='tags/v'\n    fi\n    echo \"downloading $tool, $version\"\n    if [ $tool == \"f5-new-tool\" ]; then\n        files=$(/usr/bin/curl -sk --interface mgmt https://api.github.com/repos/f5devcentral/$tool/releases/$path$version | jq -r '.assets[] | select(.name | contains (\".rpm\")) | .browser_download_url')\n    else\n        files=$(/usr/bin/curl -sk --interface mgmt https://api.github.com/repos/F5Networks/$tool/releases/$path$version | jq -r '.assets[] | select(.name | contains (\".rpm\")) | .browser_download_url')\n    fi\n    for file in $files\n    do\n    echo \"download: $file\"\n    name=$(basename $file )\n    # make download dir\n    mkdir -p /var/config/rest/downloads\n    result=$(/usr/bin/curl -Lsk  $file -o /var/config/rest/downloads/$name)\n    done\ndone\necho \"DOWNLOADS COMPLETE\"\n}\n# download the rpms\ngetAtc\n#\n\n#############################\n### INSTALL ATC PACKAGES\n#############################\necho \"INSTALL ATC PACKAGES\"\nrpms=$(find $rpmFilePath -name \"*.rpm\" -type f)\necho $rpms\nfor rpm in $rpms\ndo\n  filename=$(basename $rpm)\n  echo \"installing $filename\"\n  if [ -f $rpmFilePath/$filename ]; then\n     postBody=\"{\\\"operation\\\":\\\"INSTALL\\\",\\\"packageFilePath\\\":\\\"$rpmFilePath/$filename\\\"}\"\n     while true\n     do\n        iappApiStatus=$(curl -i -u \"$CREDS\"  $local_host$rpmInstallUrl | grep HTTP | awk '{print $2}')\n        case $iappApiStatus in \n            404)\n                echo \"api not ready status: $iappApiStatus\"\n                sleep 2\n                ;;\n            200)\n                echo \"api ready starting install task $filename\"\n                install=$(restcurl -u \"$CREDS\" -X POST -d $postBody $rpmInstallUrl | jq -r .id )\n                break\n                ;;\n              *)\n                echo \"other error status: $iappApiStatus\"\n                debug=$(restcurl -u \"$CREDS\" $rpmInstallUrl)\n                echo \"ipp install debug: $debug\"\n                ;;\n        esac\n    done\n  else\n    echo \" file: $filename not found\"\n  fi \n  while true\n  do\n    status=$(restcurl -u \"$CREDS\" $rpmInstallUrl/$install | jq -r .status)\n    case $status in \n        FINISHED)\n            # finished\n            echo \" rpm: $filename task: $install status: $status\"\n            break\n            ;;\n        STARTED)\n            # started\n            echo \" rpm: $filename task: $install status: $status\"\n            ;;\n        RUNNING)\n            # running\n            echo \" rpm: $filename task: $install status: $status\"\n            ;;\n        FAILED)\n            # failed\n            error=$(restcurl -u \"$CREDS\" $rpmInstallUrl/$install | jq .errorMessage)\n            echo \"failed $filename task: $install error: $error\"\n            break\n            ;;\n        *)\n            # other\n            debug=$(restcurl -u \"$CREDS\" $rpmInstallUrl/$install | jq . )\n            echo \"failed $filename task: $install error: $debug\"\n            ;;\n        esac\n    sleep 2\n    done\ndone\n\n#############################\n### VALIDATE ATC PKGS\n#############################\nfunction checkDO() {\n    # Check DO Ready\n    count=0\n    while [ $count -le 4 ]\n    do\n    #doStatus=$(curl -i -u \"$CREDS\" $local_host$doCheckUrl | grep HTTP | awk '{print $2}')\n    doStatusType=$(restcurl -u \"$CREDS\" -X GET $doCheckUrl | jq -r type )\n    if [ \"$doStatusType\" == \"object\" ]; then\n        doStatus=$(restcurl -u \"$CREDS\" -X GET $doCheckUrl | jq -r .code)\n        if [ $? == 1 ]; then\n            doStatus=$(restcurl -u \"$CREDS\" -X GET $doCheckUrl | jq -r .result.code)\n        fi\n    elif [ \"$doStatusType\" == \"array\" ]; then\n        doStatus=$(restcurl -u \"$CREDS\" -X GET $doCheckUrl | jq -r .[].result.code)\n    else\n        echo \"unknown type:$doStatusType\"\n    fi\n    echo \"status $doStatus\"\n    if [[ $doStatus == \"200\" ]]; then\n        #version=$(restcurl -u \"$CREDS\" -X GET $doCheckUrl | jq -r .version)\n        version=$(restcurl -u \"$CREDS\" -X GET $doCheckUrl | jq -r .[].version)\n        echo \"Declarative Onboarding $version online \"\n        break\n    elif [[ $doStatus == \"404\" ]]; then\n        echo \"DO Status: $doStatus\"\n        bigstart restart restnoded\n        sleep 60\n        bigstart status restnoded | grep running\n        status=$?\n        echo \"restnoded:$status\"\n    else\n        echo \"DO Status $doStatus\"\n        count=$[$count+1]\n    fi\n    sleep 10\n    done\n}\nfunction checkAS3() {\n    # Check AS3 Ready\n    count=0\n    while [ $count -le 4 ]\n    do\n    #as3Status=$(curl -i -u \"$CREDS\" $local_host$as3CheckUrl | grep HTTP | awk '{print $2}')\n    as3Status=$(restcurl -u \"$CREDS\" -X GET $as3CheckUrl | jq -r .code)\n    if  [ \"$as3Status\" == \"null\" ] || [ -z \"$as3Status\" ]; then\n        type=$(restcurl -u \"$CREDS\" -X GET $as3CheckUrl | jq -r type )\n        if [ \"$type\" == \"object\" ]; then\n            as3Status=\"200\"\n        fi\n    fi\n    if [[ $as3Status == \"200\" ]]; then\n        version=$(restcurl -u \"$CREDS\" -X GET $as3CheckUrl | jq -r .version)\n        echo \"As3 $version online \"\n        break\n    elif [[ $as3Status == \"404\" ]]; then\n        echo \"AS3 Status $as3Status\"\n        bigstart restart restnoded\n        sleep 60\n        bigstart status restnoded | grep running\n        status=$?\n        echo \"restnoded:$status\"\n    else\n        echo \"AS3 Status $as3Status\"\n        count=$[$count+1]\n    fi\n    sleep 10\n    done\n}\nfunction checkTS() {\n    # Check TS Ready\n    count=0\n    while [ $count -le 4 ]\n    do\n    tsStatus=$(curl -si -u \"$CREDS\" $local_host$tsCheckUrl | grep HTTP | awk '{print $2}')\n    if [[ $tsStatus == \"200\" ]]; then\n        version=$(restcurl -u \"$CREDS\" -X GET $tsCheckUrl | jq -r .version)\n        echo \"Telemetry Streaming $version online \"\n        break\n    else\n        echo \"TS Status $tsStatus\"\n        count=$[$count+1]\n    fi\n    sleep 10\n    done\n}\nfunction checkCF() {\n    # Check CF Ready\n    count=0\n    while [ $count -le 4 ]\n    do\n    cfStatus=$(curl -si -u \"$CREDS\" $local_host$cfCheckUrl | grep HTTP | awk '{print $2}')\n    if [[ $cfStatus == \"200\" ]]; then\n        version=$(restcurl -u \"$CREDS\" -X GET $cfCheckUrl | jq -r .version)\n        echo \"Cloud failover $version online \"\n        break\n    else\n        echo \"Cloud Failover Status $cfStatus\"\n        count=$[$count+1]\n    fi\n    sleep 10\n    done\n}\nfunction checkFAST() {\n    # Check FAST Ready\n    count=0\n    while [ $count -le 4 ]\n    do\n    fastStatus=$(curl -si -u \"$CREDS\" $local_host$fastCheckUrl | grep HTTP | awk '{print $2}')\n    if [[ $fastStatus == \"200\" ]]; then\n        version=$(restcurl -u \"$CREDS\" -X GET $fastCheckUrl | jq -r .version)\n        echo \"FAST $version online \"\n        break\n    else\n        echo \"FAST Status $fastStatus\"\n        count=$[$count+1]\n    fi\n    sleep 10\n    done\n}\n\n#############################\n### CHECK ATC APIS ARE UP\n#############################\nfunction checkATC() {\n    doStatus=$(checkDO)\n    as3Status=$(checkAS3)\n    tsStatus=$(checkTS)\n    cfStatus=$(checkCF)\n    fastStatus=$(checkFAST)\n    if [[ $doStatus == *\"online\"* ]] \u0026\u0026 [[ \"$as3Status\" = *\"online\"* ]] \u0026\u0026 [[ $tsStatus == *\"online\"* ]] \u0026\u0026 [[ $cfStatus == *\"online\"* ]] \u0026\u0026 [[ $cfStatus == *\"online\"* ]] ; then \n        echo \"ATC is ready to accept API calls\"\n    else\n        echo \"ATC install failed or ATC is not ready to accept API calls\"\n        break\n    fi   \n}\ncheckATC\n\n#############################\n### CLEAN UP AND FINISH\n#############################\nrm /config/cloud/startup-script.sh \ndate\necho \"FINISHED STARTUP SCRIPT\"\nEOF\n# Now run in the background to not block startup\nchmod 755 /config/cloud/startup-script.sh \nnohup /config/cloud/startup-script.sh \u0026",
            "template": "#!/bin/bash\n# aws\n# Script must be non-blocking or run in the background.\nmkdir -p /config/cloud\ncat \u003c\u003c 'EOF' \u003e /config/cloud/startup-script.sh\n#!/bin/bash\n#############################\n# BIG-IPS ONBOARD SCRIPT\n#############################\nLOG_FILE=${onboard_log}\nif [ ! -e $LOG_FILE ]\nthen\n     touch $LOG_FILE\n     exec \u0026\u003e\u003e$LOG_FILE\nelse\n    #if file exists, exit as only want to run once\n    exit\nfi\nexec 1\u003e$LOG_FILE 2\u003e\u00261\n\n#############################\n# CHECK TO SEE NETWORK IS READY\n#############################\ncount=0\nwhile true\ndo\n  STATUS=$(curl -s -k -I https://github.com | grep HTTP)\n  if [[ $STATUS == *\"200\"* ]]; then\n    echo \"internet access check passed\"\n    break\n  elif [ $count -le 6 ]; then\n    echo \"Status code: $STATUS  Not done yet...\"\n    count=$[$count+1]\n  else\n    echo \"GIVE UP...\"\n    break\n  fi\n  sleep 10\ndone\n\n#############################\n# WAIT FOR BIG-IP SYSTEMS \u0026 API TO BE UP\n#############################\ncurl -o /config/cloud/utils.sh -s --fail --retry 60 -m 10 -L https://raw.githubusercontent.com/F5Networks/f5-cloud-libs/develop/scripts/util.sh\n. /config/cloud/utils.sh\nwait_for_bigip\n\n#############################\n# WORKAROUND TO INCREASE MEMORY, TO HANDLE ALL \n# AUTOMATION TOOLCHAIN PKGS\n#############################\n# echo \"WORKAROUND TO INCREASE TOOLCHAIN MEMORY - START\"\n# date\n# # Modify restjavad memory\n# tmsh modify sys db provision.extramb value 1000\n# tmsh modify sys db restjavad.useextramb value true\n# tmsh save sys config\n# tmsh restart sys service restjavad\n# echo \"WORKAROUND TO INCREASE TOOLCHAIN MEMORY - DONE\"\n\n#############################\n### SET BIG-IP PASSWORD\n#############################\necho \"SET THE BIG-IP PASSWORD\"\npwd=${password}\nif [ -z \"$pwd\" ]\nthen\n  echo \"ERROR: UNABLE TO OBTAIN PASSWORD\"\nelse\n  tmsh modify auth user admin password $pwd\nfi\n\n#############################\n## IAPPS DIR FIX\n#############################\n# # start modify appdata directory size\n# echo \"setting app directory size\"\n# tmsh show sys disk directory /appdata\n# # 130,985,984 26,128,384 52,256,768\n# tmsh modify /sys disk directory /appdata new-size 52256768\n# tmsh show sys disk directory /appdata\n# echo \"done setting app directory size\"\n# tmsh save sys config\n# # end modify appdata directory size\n\n#############################\n### GET ATC VERSIONS \u0026 URLS\n#############################\n## set vars\n# constants\nrpmInstallUrl=\"/mgmt/shared/iapp/package-management-tasks\"\nrpmFilePath=\"/var/config/rest/downloads\"\nlocal_host=\"http://localhost:8100\"\n# do\ndoUrl=\"/mgmt/shared/declarative-onboarding\"\ndoCheckUrl=\"/mgmt/shared/declarative-onboarding/info\"\ndoTaskUrl=\"/mgmt/shared/declarative-onboarding/task\"\n# as3\nas3Url=\"/mgmt/shared/appsvcs/declare\"\nas3CheckUrl=\"/mgmt/shared/appsvcs/info\"\nas3TaskUrl=\"/mgmt/shared/appsvcs/task\"\n# ts\ntsUrl=\"/mgmt/shared/telemetry/declare\"\ntsCheckUrl=\"/mgmt/shared/telemetry/info\" \n# cloud failover ext\ncfUrl=\"/mgmt/shared/cloud-failover/declare\"\ncfCheckUrl=\"/mgmt/shared/cloud-failover/info\"\n# fast\nfastCheckUrl=\"/mgmt/shared/fast/info\"\n# vars\nmgmt_port=`tmsh list sys httpd ssl-port | grep ssl-port | sed 's/ssl-port //;s/ //g'`\n# admin_username='$uname'\nadmin_password='$pwd'\n# CREDS=\"$admin_username:$admin_password\"\nCREDS=\"admin:$admin_password\"\ntoolsList=$(cat -\u003c\u003cEND_TOOLS\n{\n  \"tools\": [\n      {\n        \"name\": \"f5-declarative-onboarding\",\n        \"version\": \"${doVersion}\"\n      },\n      {\n        \"name\": \"f5-appsvcs-extension\",\n        \"version\": \"${as3Version}\"\n      },\n      {\n        \"name\": \"f5-telemetry-streaming\",\n        \"version\": \"${tsVersion}\"\n      },\n      {\n        \"name\": \"f5-cloud-failover-extension\",\n        \"version\": \"${cfVersion}\"\n      },\n      {\n        \"name\": \"f5-appsvcs-templates\",\n        \"version\": \"${fastVersion}\"\n      }\n  ]\n}\nEND_TOOLS\n)\n\n#############################\n# GET ATC PACKAGES\n#############################\nfunction getAtc () {\natc=$(echo $toolsList | jq -r .tools[].name)\nfor tool in $atc\ndo\n    version=$(echo $toolsList | jq -r \".tools[]| select(.name| contains (\\\"$tool\\\")).version\")\n    if [ $version == \"latest\" ]; then\n        path=''\n    else\n        path='tags/v'\n    fi\n    echo \"downloading $tool, $version\"\n    if [ $tool == \"f5-new-tool\" ]; then\n        files=$(/usr/bin/curl -sk --interface mgmt https://api.github.com/repos/f5devcentral/$tool/releases/$path$version | jq -r '.assets[] | select(.name | contains (\".rpm\")) | .browser_download_url')\n    else\n        files=$(/usr/bin/curl -sk --interface mgmt https://api.github.com/repos/F5Networks/$tool/releases/$path$version | jq -r '.assets[] | select(.name | contains (\".rpm\")) | .browser_download_url')\n    fi\n    for file in $files\n    do\n    echo \"download: $file\"\n    name=$(basename $file )\n    # make download dir\n    mkdir -p /var/config/rest/downloads\n    result=$(/usr/bin/curl -Lsk  $file -o /var/config/rest/downloads/$name)\n    done\ndone\necho \"DOWNLOADS COMPLETE\"\n}\n# download the rpms\ngetAtc\n#\n\n#############################\n### INSTALL ATC PACKAGES\n#############################\necho \"INSTALL ATC PACKAGES\"\nrpms=$(find $rpmFilePath -name \"*.rpm\" -type f)\necho $rpms\nfor rpm in $rpms\ndo\n  filename=$(basename $rpm)\n  echo \"installing $filename\"\n  if [ -f $rpmFilePath/$filename ]; then\n     postBody=\"{\\\"operation\\\":\\\"INSTALL\\\",\\\"packageFilePath\\\":\\\"$rpmFilePath/$filename\\\"}\"\n     while true\n     do\n        iappApiStatus=$(curl -i -u \"$CREDS\"  $local_host$rpmInstallUrl | grep HTTP | awk '{print $2}')\n        case $iappApiStatus in \n            404)\n                echo \"api not ready status: $iappApiStatus\"\n                sleep 2\n                ;;\n            200)\n                echo \"api ready starting install task $filename\"\n                install=$(restcurl -u \"$CREDS\" -X POST -d $postBody $rpmInstallUrl | jq -r .id )\n                break\n                ;;\n              *)\n                echo \"other error status: $iappApiStatus\"\n                debug=$(restcurl -u \"$CREDS\" $rpmInstallUrl)\n                echo \"ipp install debug: $debug\"\n                ;;\n        esac\n    done\n  else\n    echo \" file: $filename not found\"\n  fi \n  while true\n  do\n    status=$(restcurl -u \"$CREDS\" $rpmInstallUrl/$install | jq -r .status)\n    case $status in \n        FINISHED)\n            # finished\n            echo \" rpm: $filename task: $install status: $status\"\n            break\n            ;;\n        STARTED)\n            # started\n            echo \" rpm: $filename task: $install status: $status\"\n            ;;\n        RUNNING)\n            # running\n            echo \" rpm: $filename task: $install status: $status\"\n            ;;\n        FAILED)\n            # failed\n            error=$(restcurl -u \"$CREDS\" $rpmInstallUrl/$install | jq .errorMessage)\n            echo \"failed $filename task: $install error: $error\"\n            break\n            ;;\n        *)\n            # other\n            debug=$(restcurl -u \"$CREDS\" $rpmInstallUrl/$install | jq . )\n            echo \"failed $filename task: $install error: $debug\"\n            ;;\n        esac\n    sleep 2\n    done\ndone\n\n#############################\n### VALIDATE ATC PKGS\n#############################\nfunction checkDO() {\n    # Check DO Ready\n    count=0\n    while [ $count -le 4 ]\n    do\n    #doStatus=$(curl -i -u \"$CREDS\" $local_host$doCheckUrl | grep HTTP | awk '{print $2}')\n    doStatusType=$(restcurl -u \"$CREDS\" -X GET $doCheckUrl | jq -r type )\n    if [ \"$doStatusType\" == \"object\" ]; then\n        doStatus=$(restcurl -u \"$CREDS\" -X GET $doCheckUrl | jq -r .code)\n        if [ $? == 1 ]; then\n            doStatus=$(restcurl -u \"$CREDS\" -X GET $doCheckUrl | jq -r .result.code)\n        fi\n    elif [ \"$doStatusType\" == \"array\" ]; then\n        doStatus=$(restcurl -u \"$CREDS\" -X GET $doCheckUrl | jq -r .[].result.code)\n    else\n        echo \"unknown type:$doStatusType\"\n    fi\n    echo \"status $doStatus\"\n    if [[ $doStatus == \"200\" ]]; then\n        #version=$(restcurl -u \"$CREDS\" -X GET $doCheckUrl | jq -r .version)\n        version=$(restcurl -u \"$CREDS\" -X GET $doCheckUrl | jq -r .[].version)\n        echo \"Declarative Onboarding $version online \"\n        break\n    elif [[ $doStatus == \"404\" ]]; then\n        echo \"DO Status: $doStatus\"\n        bigstart restart restnoded\n        sleep 60\n        bigstart status restnoded | grep running\n        status=$?\n        echo \"restnoded:$status\"\n    else\n        echo \"DO Status $doStatus\"\n        count=$[$count+1]\n    fi\n    sleep 10\n    done\n}\nfunction checkAS3() {\n    # Check AS3 Ready\n    count=0\n    while [ $count -le 4 ]\n    do\n    #as3Status=$(curl -i -u \"$CREDS\" $local_host$as3CheckUrl | grep HTTP | awk '{print $2}')\n    as3Status=$(restcurl -u \"$CREDS\" -X GET $as3CheckUrl | jq -r .code)\n    if  [ \"$as3Status\" == \"null\" ] || [ -z \"$as3Status\" ]; then\n        type=$(restcurl -u \"$CREDS\" -X GET $as3CheckUrl | jq -r type )\n        if [ \"$type\" == \"object\" ]; then\n            as3Status=\"200\"\n        fi\n    fi\n    if [[ $as3Status == \"200\" ]]; then\n        version=$(restcurl -u \"$CREDS\" -X GET $as3CheckUrl | jq -r .version)\n        echo \"As3 $version online \"\n        break\n    elif [[ $as3Status == \"404\" ]]; then\n        echo \"AS3 Status $as3Status\"\n        bigstart restart restnoded\n        sleep 60\n        bigstart status restnoded | grep running\n        status=$?\n        echo \"restnoded:$status\"\n    else\n        echo \"AS3 Status $as3Status\"\n        count=$[$count+1]\n    fi\n    sleep 10\n    done\n}\nfunction checkTS() {\n    # Check TS Ready\n    count=0\n    while [ $count -le 4 ]\n    do\n    tsStatus=$(curl -si -u \"$CREDS\" $local_host$tsCheckUrl | grep HTTP | awk '{print $2}')\n    if [[ $tsStatus == \"200\" ]]; then\n        version=$(restcurl -u \"$CREDS\" -X GET $tsCheckUrl | jq -r .version)\n        echo \"Telemetry Streaming $version online \"\n        break\n    else\n        echo \"TS Status $tsStatus\"\n        count=$[$count+1]\n    fi\n    sleep 10\n    done\n}\nfunction checkCF() {\n    # Check CF Ready\n    count=0\n    while [ $count -le 4 ]\n    do\n    cfStatus=$(curl -si -u \"$CREDS\" $local_host$cfCheckUrl | grep HTTP | awk '{print $2}')\n    if [[ $cfStatus == \"200\" ]]; then\n        version=$(restcurl -u \"$CREDS\" -X GET $cfCheckUrl | jq -r .version)\n        echo \"Cloud failover $version online \"\n        break\n    else\n        echo \"Cloud Failover Status $cfStatus\"\n        count=$[$count+1]\n    fi\n    sleep 10\n    done\n}\nfunction checkFAST() {\n    # Check FAST Ready\n    count=0\n    while [ $count -le 4 ]\n    do\n    fastStatus=$(curl -si -u \"$CREDS\" $local_host$fastCheckUrl | grep HTTP | awk '{print $2}')\n    if [[ $fastStatus == \"200\" ]]; then\n        version=$(restcurl -u \"$CREDS\" -X GET $fastCheckUrl | jq -r .version)\n        echo \"FAST $version online \"\n        break\n    else\n        echo \"FAST Status $fastStatus\"\n        count=$[$count+1]\n    fi\n    sleep 10\n    done\n}\n\n#############################\n### CHECK ATC APIS ARE UP\n#############################\nfunction checkATC() {\n    doStatus=$(checkDO)\n    as3Status=$(checkAS3)\n    tsStatus=$(checkTS)\n    cfStatus=$(checkCF)\n    fastStatus=$(checkFAST)\n    if [[ $doStatus == *\"online\"* ]] \u0026\u0026 [[ \"$as3Status\" = *\"online\"* ]] \u0026\u0026 [[ $tsStatus == *\"online\"* ]] \u0026\u0026 [[ $cfStatus == *\"online\"* ]] \u0026\u0026 [[ $cfStatus == *\"online\"* ]] ; then \n        echo \"ATC is ready to accept API calls\"\n    else\n        echo \"ATC install failed or ATC is not ready to accept API calls\"\n        break\n    fi   \n}\ncheckATC\n\n#############################\n### CLEAN UP AND FINISH\n#############################\nrm /config/cloud/startup-script.sh \ndate\necho \"FINISHED STARTUP SCRIPT\"\nEOF\n# Now run in the background to not block startup\nchmod 755 /config/cloud/startup-script.sh \nnohup /config/cloud/startup-script.sh \u0026",
            "vars": {
              "as3Version": "latest",
              "cfVersion": "latest",
              "doVersion": "latest",
              "fastVersion": "latest",
              "libs_dir": "/config/cloud/aws/node_modules",
              "onboard_log": "/var/log/startup-script.log",
              "password": "XuOIAk4cNw",
              "projectPrefix": "ob1",
              "tsVersion": "latest"
            }
          },
          "sensitive_attributes": []
        }
      ]
    },
    {
      "mode": "managed",
      "type": "aws_eip",
      "name": "mgmt",
      "provider": "provider[\"registry.terraform.io/hashicorp/aws\"]",
      "instances": [
        {
          "schema_version": 0,
          "attributes": {
            "address": null,
            "allocation_id": "eipalloc-05b2117f7d6efc4bd",
            "arn": "arn:aws:ec2:eu-west-2:524339405707:elastic-ip/eipalloc-05b2117f7d6efc4bd",
            "associate_with_private_ip": "10.0.1.10",
            "association_id": "eipassoc-02e08a8d6df7607f8",
            "carrier_ip": "",
            "customer_owned_ip": "",
            "customer_owned_ipv4_pool": "",
            "domain": "vpc",
            "id": "eipalloc-05b2117f7d6efc4bd",
            "instance": "",
            "network_border_group": "eu-west-2",
            "network_interface": "eni-077e014af6a5513d0",
            "private_dns": "ip-10-0-1-10.eu-west-2.compute.internal",
            "private_ip": "10.0.1.10",
            "ptr_record": "",
            "public_dns": "ec2-18-132-218-33.eu-west-2.compute.amazonaws.com",
            "public_ip": "18.132.218.33",
            "public_ipv4_pool": "amazon",
            "tags": null,
            "tags_all": {},
            "timeouts": null,
            "vpc": true
          },
          "sensitive_attributes": [],
          "private": "eyJlMmJmYjczMC1lY2FhLTExZTYtOGY4OC0zNDM2M2JjN2M0YzAiOnsiZGVsZXRlIjoxODAwMDAwMDAwMDAsInJlYWQiOjkwMDAwMDAwMDAwMCwidXBkYXRlIjozMDAwMDAwMDAwMDB9fQ==",
          "dependencies": [
            "aws_network_interface.mgmt",
            "aws_security_group.f5",
            "module.vpc.aws_subnet.public",
            "module.vpc.aws_vpc.this",
            "module.vpc.aws_vpc_ipv4_cidr_block_association.this"
          ]
        }
      ]
    },
    {
      "mode": "managed",
      "type": "aws_eip",
      "name": "public",
      "provider": "provider[\"registry.terraform.io/hashicorp/aws\"]",
      "instances": [
        {
          "schema_version": 0,
          "attributes": {
            "address": null,
            "allocation_id": "eipalloc-0c87777418266ba7c",
            "arn": "arn:aws:ec2:eu-west-2:524339405707:elastic-ip/eipalloc-0c87777418266ba7c",
            "associate_with_private_ip": "10.0.2.10",
            "association_id": "eipassoc-0e17116d311715c99",
            "carrier_ip": "",
            "customer_owned_ip": "",
            "customer_owned_ipv4_pool": "",
            "domain": "vpc",
            "id": "eipalloc-0c87777418266ba7c",
            "instance": "",
            "network_border_group": "eu-west-2",
            "network_interface": "eni-044643e64c1ba5b86",
            "private_dns": "ip-10-0-2-10.eu-west-2.compute.internal",
            "private_ip": "10.0.2.10",
            "ptr_record": "",
            "public_dns": "ec2-3-10-148-83.eu-west-2.compute.amazonaws.com",
            "public_ip": "3.10.148.83",
            "public_ipv4_pool": "amazon",
            "tags": null,
            "tags_all": {},
            "timeouts": null,
            "vpc": true
          },
          "sensitive_attributes": [],
          "private": "eyJlMmJmYjczMC1lY2FhLTExZTYtOGY4OC0zNDM2M2JjN2M0YzAiOnsiZGVsZXRlIjoxODAwMDAwMDAwMDAsInJlYWQiOjkwMDAwMDAwMDAwMCwidXBkYXRlIjozMDAwMDAwMDAwMDB9fQ==",
          "dependencies": [
            "aws_network_interface.public",
            "aws_security_group.f5",
            "module.vpc.aws_subnet.public",
            "module.vpc.aws_vpc.this",
            "module.vpc.aws_vpc_ipv4_cidr_block_association.this"
          ]
        }
      ]
    },
    {
      "mode": "managed",
      "type": "aws_instance",
      "name": "big-ip",
      "provider": "provider[\"registry.terraform.io/hashicorp/aws\"]",
      "instances": [
        {
          "schema_version": 1,
          "attributes": {
            "ami": "ami-0653d4bb7ee2fc8ed",
            "arn": "arn:aws:ec2:eu-west-2:524339405707:instance/i-040f99a8654db4b7f",
            "associate_public_ip_address": true,
            "availability_zone": "eu-west-2a",
            "capacity_reservation_specification": [
              {
                "capacity_reservation_preference": "open",
                "capacity_reservation_target": []
              }
            ],
            "cpu_core_count": 2,
            "cpu_options": [
              {
                "amd_sev_snp": "",
                "core_count": 2,
                "threads_per_core": 2
              }
            ],
            "cpu_threads_per_core": 2,
            "credit_specification": [],
            "disable_api_stop": false,
            "disable_api_termination": false,
            "ebs_block_device": [],
            "ebs_optimized": false,
            "enclave_options": [
              {
                "enabled": false
              }
            ],
            "ephemeral_block_device": [],
            "get_password_data": false,
            "hibernation": false,
            "host_id": "",
            "host_resource_group_arn": null,
            "iam_instance_profile": "",
            "id": "i-040f99a8654db4b7f",
            "instance_initiated_shutdown_behavior": "stop",
            "instance_lifecycle": "",
            "instance_market_options": [],
            "instance_state": "running",
            "instance_type": "m5.xlarge",
            "ipv6_address_count": 0,
            "ipv6_addresses": [],
            "key_name": "OB1-key-sews",
            "launch_template": [],
            "maintenance_options": [
              {
                "auto_recovery": "default"
              }
            ],
            "metadata_options": [
              {
                "http_endpoint": "enabled",
                "http_protocol_ipv6": "disabled",
                "http_put_response_hop_limit": 1,
                "http_tokens": "optional",
                "instance_metadata_tags": "disabled"
              }
            ],
            "monitoring": false,
            "network_interface": [
              {
                "delete_on_termination": false,
                "device_index": 0,
                "network_card_index": 0,
                "network_interface_id": "eni-077e014af6a5513d0"
              },
              {
                "delete_on_termination": false,
                "device_index": 1,
                "network_card_index": 0,
                "network_interface_id": "eni-044643e64c1ba5b86"
              }
            ],
            "outpost_arn": "",
            "password_data": "",
            "placement_group": "",
            "placement_partition_number": 0,
            "primary_network_interface_id": "eni-077e014af6a5513d0",
            "private_dns": "ip-10-0-1-10.eu-west-2.compute.internal",
            "private_dns_name_options": [
              {
                "enable_resource_name_dns_a_record": false,
                "enable_resource_name_dns_aaaa_record": false,
                "hostname_type": "ip-name"
              }
            ],
            "private_ip": "10.0.1.10",
            "public_dns": "ec2-18-132-218-33.eu-west-2.compute.amazonaws.com",
            "public_ip": "18.132.218.33",
            "root_block_device": [
              {
                "delete_on_termination": true,
                "device_name": "/dev/xvda",
                "encrypted": false,
                "iops": 231,
                "kms_key_id": "",
                "tags": {},
                "tags_all": {},
                "throughput": 0,
                "volume_id": "vol-0345c0cb0e44647bd",
                "volume_size": 77,
                "volume_type": "gp2"
              }
            ],
            "secondary_private_ips": [],
            "security_groups": [],
            "source_dest_check": true,
            "spot_instance_request_id": "",
            "subnet_id": "subnet-03e982ea4cbc1d03e",
            "tags": {
              "Name": "ob1-mybigip"
            },
            "tags_all": {
              "Name": "ob1-mybigip"
            },
            "tenancy": "default",
            "timeouts": null,
            "user_data": "3dfff64ee0c176788abbf344333bf23b286ce79f",
            "user_data_base64": null,
            "user_data_replace_on_change": false,
            "volume_tags": null,
            "vpc_security_group_ids": [
              "sg-0e993fc2df5ed9d21"
            ]
          },
          "sensitive_attributes": [],
          "private": "eyJlMmJmYjczMC1lY2FhLTExZTYtOGY4OC0zNDM2M2JjN2M0YzAiOnsiY3JlYXRlIjo2MDAwMDAwMDAwMDAsImRlbGV0ZSI6MTIwMDAwMDAwMDAwMCwicmVhZCI6OTAwMDAwMDAwMDAwLCJ1cGRhdGUiOjYwMDAwMDAwMDAwMH0sInNjaGVtYV92ZXJzaW9uIjoiMSJ9",
          "dependencies": [
            "aws_network_interface.mgmt",
            "aws_network_interface.public",
            "aws_security_group.f5",
            "data.aws_ami.f5_ami",
            "data.template_file.f5_init",
            "module.vpc.aws_subnet.public",
            "module.vpc.aws_vpc.this",
            "module.vpc.aws_vpc_ipv4_cidr_block_association.this",
            "random_string.password"
          ]
        }
      ]
    },
    {
      "mode": "managed",
      "type": "aws_network_interface",
      "name": "mgmt",
      "provider": "provider[\"registry.terraform.io/hashicorp/aws\"]",
      "instances": [
        {
          "schema_version": 0,
          "attributes": {
            "arn": "arn:aws:ec2:eu-west-2:524339405707:network-interface/eni-077e014af6a5513d0",
            "attachment": [],
            "description": "",
            "id": "eni-077e014af6a5513d0",
            "interface_type": "interface",
            "ipv4_prefix_count": 0,
            "ipv4_prefixes": [],
            "ipv6_address_count": 0,
            "ipv6_address_list": [],
            "ipv6_address_list_enabled": false,
            "ipv6_addresses": [],
            "ipv6_prefix_count": 0,
            "ipv6_prefixes": [],
            "mac_address": "06:8b:9d:3d:91:15",
            "outpost_arn": "",
            "owner_id": "524339405707",
            "private_dns_name": "ip-10-0-1-10.eu-west-2.compute.internal",
            "private_ip": "10.0.1.10",
            "private_ip_list": [
              "10.0.1.10"
            ],
            "private_ip_list_enabled": false,
            "private_ips": [
              "10.0.1.10"
            ],
            "private_ips_count": 0,
            "security_groups": [
              "sg-0e993fc2df5ed9d21"
            ],
            "source_dest_check": true,
            "subnet_id": "subnet-03e982ea4cbc1d03e",
            "tags": {
              "Name": "mgmt_interface"
            },
            "tags_all": {
              "Name": "mgmt_interface"
            }
          },
          "sensitive_attributes": [],
          "private": "bnVsbA==",
          "dependencies": [
            "aws_security_group.f5",
            "module.vpc.aws_subnet.public",
            "module.vpc.aws_vpc.this",
            "module.vpc.aws_vpc_ipv4_cidr_block_association.this"
          ]
        }
      ]
    },
    {
      "mode": "managed",
      "type": "aws_network_interface",
      "name": "public",
      "provider": "provider[\"registry.terraform.io/hashicorp/aws\"]",
      "instances": [
        {
          "schema_version": 0,
          "attributes": {
            "arn": "arn:aws:ec2:eu-west-2:524339405707:network-interface/eni-044643e64c1ba5b86",
            "attachment": [],
            "description": "",
            "id": "eni-044643e64c1ba5b86",
            "interface_type": "interface",
            "ipv4_prefix_count": 0,
            "ipv4_prefixes": [],
            "ipv6_address_count": 0,
            "ipv6_address_list": [],
            "ipv6_address_list_enabled": false,
            "ipv6_addresses": [],
            "ipv6_prefix_count": 0,
            "ipv6_prefixes": [],
            "mac_address": "06:90:a3:11:b5:35",
            "outpost_arn": "",
            "owner_id": "524339405707",
            "private_dns_name": "ip-10-0-2-10.eu-west-2.compute.internal",
            "private_ip": "10.0.2.10",
            "private_ip_list": [
              "10.0.2.10",
              "10.0.2.11"
            ],
            "private_ip_list_enabled": false,
            "private_ips": [
              "10.0.2.10",
              "10.0.2.11"
            ],
            "private_ips_count": 1,
            "security_groups": [
              "sg-0e993fc2df5ed9d21"
            ],
            "source_dest_check": true,
            "subnet_id": "subnet-07a96497c87179fc6",
            "tags": {
              "Name": "public_interface"
            },
            "tags_all": {
              "Name": "public_interface"
            }
          },
          "sensitive_attributes": [],
          "private": "bnVsbA==",
          "dependencies": [
            "aws_security_group.f5",
            "module.vpc.aws_subnet.public",
            "module.vpc.aws_vpc.this",
            "module.vpc.aws_vpc_ipv4_cidr_block_association.this"
          ]
        }
      ]
    },
    {
      "mode": "managed",
      "type": "aws_security_group",
      "name": "f5",
      "provider": "provider[\"registry.terraform.io/hashicorp/aws\"]",
      "instances": [
        {
          "schema_version": 1,
          "attributes": {
            "arn": "arn:aws:ec2:eu-west-2:524339405707:security-group/sg-0e993fc2df5ed9d21",
            "description": "Managed by Terraform",
            "egress": [
              {
                "cidr_blocks": [
                  "0.0.0.0/0"
                ],
                "description": "",
                "from_port": 0,
                "ipv6_cidr_blocks": [],
                "prefix_list_ids": [],
                "protocol": "-1",
                "security_groups": [],
                "self": false,
                "to_port": 0
              }
            ],
            "id": "sg-0e993fc2df5ed9d21",
            "ingress": [
              {
                "cidr_blocks": [
                  "0.0.0.0/0"
                ],
                "description": "",
                "from_port": 22,
                "ipv6_cidr_blocks": [],
                "prefix_list_ids": [],
                "protocol": "tcp",
                "security_groups": [],
                "self": false,
                "to_port": 22
              },
              {
                "cidr_blocks": [
                  "0.0.0.0/0"
                ],
                "description": "",
                "from_port": 443,
                "ipv6_cidr_blocks": [],
                "prefix_list_ids": [],
                "protocol": "tcp",
                "security_groups": [],
                "self": false,
                "to_port": 443
              },
              {
                "cidr_blocks": [
                  "0.0.0.0/0"
                ],
                "description": "",
                "from_port": 8080,
                "ipv6_cidr_blocks": [],
                "prefix_list_ids": [],
                "protocol": "tcp",
                "security_groups": [],
                "self": false,
                "to_port": 8080
              },
              {
                "cidr_blocks": [
                  "0.0.0.0/0"
                ],
                "description": "",
                "from_port": 80,
                "ipv6_cidr_blocks": [],
                "prefix_list_ids": [],
                "protocol": "tcp",
                "security_groups": [],
                "self": false,
                "to_port": 80
              },
              {
                "cidr_blocks": [
                  "0.0.0.0/0"
                ],
                "description": "",
                "from_port": 8443,
                "ipv6_cidr_blocks": [],
                "prefix_list_ids": [],
                "protocol": "tcp",
                "security_groups": [],
                "self": false,
                "to_port": 8443
              }
            ],
            "name": "ob1-f5",
            "name_prefix": "",
            "owner_id": "524339405707",
            "revoke_rules_on_delete": false,
            "tags": {
              "Name": "ob1-SecurityGroup1"
            },
            "tags_all": {
              "Name": "ob1-SecurityGroup1"
            },
            "timeouts": null,
            "vpc_id": "vpc-03a7f9c1ce1198d8a"
          },
          "sensitive_attributes": [],
          "private": "eyJlMmJmYjczMC1lY2FhLTExZTYtOGY4OC0zNDM2M2JjN2M0YzAiOnsiY3JlYXRlIjo2MDAwMDAwMDAwMDAsImRlbGV0ZSI6OTAwMDAwMDAwMDAwfSwic2NoZW1hX3ZlcnNpb24iOiIxIn0=",
          "dependencies": [
            "module.vpc.aws_vpc.this"
          ]
        }
      ]
    },
    {
      "mode": "managed",
      "type": "random_string",
      "name": "password",
      "provider": "provider[\"registry.terraform.io/hashicorp/random\"]",
      "instances": [
        {
          "schema_version": 2,
          "attributes": {
            "id": "XuOIAk4cNw",
            "keepers": null,
            "length": 10,
            "lower": true,
            "min_lower": 0,
            "min_numeric": 0,
            "min_special": 0,
            "min_upper": 0,
            "number": true,
            "numeric": true,
            "override_special": null,
            "result": "XuOIAk4cNw",
            "special": false,
            "upper": true
          },
          "sensitive_attributes": []
        }
      ]
    },
    {
      "module": "module.vpc",
      "mode": "managed",
      "type": "aws_default_network_acl",
      "name": "this",
      "provider": "provider[\"registry.terraform.io/hashicorp/aws\"]",
      "instances": [
        {
          "index_key": 0,
          "schema_version": 0,
          "attributes": {
            "arn": "arn:aws:ec2:eu-west-2:524339405707:network-acl/acl-01c144c8609411fbc",
            "default_network_acl_id": "acl-01c144c8609411fbc",
            "egress": [
              {
                "action": "allow",
                "cidr_block": "",
                "from_port": 0,
                "icmp_code": null,
                "icmp_type": null,
                "ipv6_cidr_block": "::/0",
                "protocol": "-1",
                "rule_no": 101,
                "to_port": 0
              },
              {
                "action": "allow",
                "cidr_block": "0.0.0.0/0",
                "from_port": 0,
                "icmp_code": null,
                "icmp_type": null,
                "ipv6_cidr_block": "",
                "protocol": "-1",
                "rule_no": 100,
                "to_port": 0
              }
            ],
            "id": "acl-01c144c8609411fbc",
            "ingress": [
              {
                "action": "allow",
                "cidr_block": "",
                "from_port": 0,
                "icmp_code": null,
                "icmp_type": null,
                "ipv6_cidr_block": "::/0",
                "protocol": "-1",
                "rule_no": 101,
                "to_port": 0
              },
              {
                "action": "allow",
                "cidr_block": "0.0.0.0/0",
                "from_port": 0,
                "icmp_code": null,
                "icmp_type": null,
                "ipv6_cidr_block": "",
                "protocol": "-1",
                "rule_no": 100,
                "to_port": 0
              }
            ],
            "owner_id": "524339405707",
            "subnet_ids": [
              "subnet-03e982ea4cbc1d03e",
              "subnet-07a96497c87179fc6",
              "subnet-09908feef074f3d0b"
            ],
            "tags": {
              "Environment": "ob1-vpc-teraform",
              "Name": "ob1-f5-vpc-default"
            },
            "tags_all": {
              "Environment": "ob1-vpc-teraform",
              "Name": "ob1-f5-vpc-default"
            },
            "vpc_id": "vpc-03a7f9c1ce1198d8a"
          },
          "sensitive_attributes": [],
          "private": "bnVsbA==",
          "dependencies": [
            "module.vpc.aws_vpc.this"
          ]
        }
      ]
    },
    {
      "module": "module.vpc",
      "mode": "managed",
      "type": "aws_default_route_table",
      "name": "default",
      "provider": "provider[\"registry.terraform.io/hashicorp/aws\"]",
      "instances": [
        {
          "index_key": 0,
          "schema_version": 0,
          "attributes": {
            "arn": "arn:aws:ec2:eu-west-2:524339405707:route-table/rtb-088c49c5b095d1d2c",
            "default_route_table_id": "rtb-088c49c5b095d1d2c",
            "id": "rtb-088c49c5b095d1d2c",
            "owner_id": "524339405707",
            "propagating_vgws": null,
            "route": [],
            "tags": {
              "Environment": "ob1-vpc-teraform",
              "Name": "ob1-f5-vpc-default"
            },
            "tags_all": {
              "Environment": "ob1-vpc-teraform",
              "Name": "ob1-f5-vpc-default"
            },
            "timeouts": {
              "create": "5m",
              "update": "5m"
            },
            "vpc_id": "vpc-03a7f9c1ce1198d8a"
          },
          "sensitive_attributes": [],
          "private": "eyJlMmJmYjczMC1lY2FhLTExZTYtOGY4OC0zNDM2M2JjN2M0YzAiOnsiY3JlYXRlIjozMDAwMDAwMDAwMDAsInVwZGF0ZSI6MzAwMDAwMDAwMDAwfX0=",
          "dependencies": [
            "module.vpc.aws_vpc.this"
          ]
        }
      ]
    },
    {
      "module": "module.vpc",
      "mode": "managed",
      "type": "aws_default_security_group",
      "name": "this",
      "provider": "provider[\"registry.terraform.io/hashicorp/aws\"]",
      "instances": [
        {
          "index_key": 0,
          "schema_version": 1,
          "attributes": {
            "arn": "arn:aws:ec2:eu-west-2:524339405707:security-group/sg-05c5b5dbacf2cbf20",
            "description": "default VPC security group",
            "egress": [],
            "id": "sg-05c5b5dbacf2cbf20",
            "ingress": [],
            "name": "default",
            "name_prefix": "",
            "owner_id": "524339405707",
            "revoke_rules_on_delete": false,
            "tags": {
              "Environment": "ob1-vpc-teraform",
              "Name": "ob1-f5-vpc-default"
            },
            "tags_all": {
              "Environment": "ob1-vpc-teraform",
              "Name": "ob1-f5-vpc-default"
            },
            "vpc_id": "vpc-03a7f9c1ce1198d8a"
          },
          "sensitive_attributes": [],
          "private": "eyJzY2hlbWFfdmVyc2lvbiI6IjEifQ==",
          "dependencies": [
            "module.vpc.aws_vpc.this"
          ]
        }
      ]
    },
    {
      "module": "module.vpc",
      "mode": "managed",
      "type": "aws_eip",
      "name": "nat",
      "provider": "provider[\"registry.terraform.io/hashicorp/aws\"]",
      "instances": [
        {
          "index_key": 0,
          "schema_version": 0,
          "attributes": {
            "address": null,
            "allocation_id": "eipalloc-09d1e810f5dbd0d71",
            "arn": "arn:aws:ec2:eu-west-2:524339405707:elastic-ip/eipalloc-09d1e810f5dbd0d71",
            "associate_with_private_ip": null,
            "association_id": "",
            "carrier_ip": "",
            "customer_owned_ip": "",
            "customer_owned_ipv4_pool": "",
            "domain": "vpc",
            "id": "eipalloc-09d1e810f5dbd0d71",
            "instance": "",
            "network_border_group": "eu-west-2",
            "network_interface": "",
            "private_dns": null,
            "private_ip": "",
            "ptr_record": "",
            "public_dns": "ec2-3-8-34-48.eu-west-2.compute.amazonaws.com",
            "public_ip": "3.8.34.48",
            "public_ipv4_pool": "amazon",
            "tags": {
              "Environment": "ob1-vpc-teraform",
              "Name": "ob1-f5-vpc-eu-west-2a"
            },
            "tags_all": {
              "Environment": "ob1-vpc-teraform",
              "Name": "ob1-f5-vpc-eu-west-2a"
            },
            "timeouts": null,
            "vpc": true
          },
          "sensitive_attributes": [],
          "private": "eyJlMmJmYjczMC1lY2FhLTExZTYtOGY4OC0zNDM2M2JjN2M0YzAiOnsiZGVsZXRlIjoxODAwMDAwMDAwMDAsInJlYWQiOjkwMDAwMDAwMDAwMCwidXBkYXRlIjozMDAwMDAwMDAwMDB9fQ==",
          "dependencies": [
            "module.vpc.aws_internet_gateway.this",
            "module.vpc.aws_vpc.this",
            "module.vpc.aws_vpc_ipv4_cidr_block_association.this"
          ]
        },
        {
          "index_key": 1,
          "schema_version": 0,
          "attributes": {
            "address": null,
            "allocation_id": "eipalloc-0bd402ddce5b7abf5",
            "arn": "arn:aws:ec2:eu-west-2:524339405707:elastic-ip/eipalloc-0bd402ddce5b7abf5",
            "associate_with_private_ip": null,
            "association_id": "",
            "carrier_ip": "",
            "customer_owned_ip": "",
            "customer_owned_ipv4_pool": "",
            "domain": "vpc",
            "id": "eipalloc-0bd402ddce5b7abf5",
            "instance": "",
            "network_border_group": "eu-west-2",
            "network_interface": "",
            "private_dns": null,
            "private_ip": "",
            "ptr_record": "",
            "public_dns": "ec2-18-168-81-71.eu-west-2.compute.amazonaws.com",
            "public_ip": "18.168.81.71",
            "public_ipv4_pool": "amazon",
            "tags": {
              "Environment": "ob1-vpc-teraform",
              "Name": "ob1-f5-vpc-eu-west-2a"
            },
            "tags_all": {
              "Environment": "ob1-vpc-teraform",
              "Name": "ob1-f5-vpc-eu-west-2a"
            },
            "timeouts": null,
            "vpc": true
          },
          "sensitive_attributes": [],
          "private": "eyJlMmJmYjczMC1lY2FhLTExZTYtOGY4OC0zNDM2M2JjN2M0YzAiOnsiZGVsZXRlIjoxODAwMDAwMDAwMDAsInJlYWQiOjkwMDAwMDAwMDAwMCwidXBkYXRlIjozMDAwMDAwMDAwMDB9fQ==",
          "dependencies": [
            "module.vpc.aws_internet_gateway.this",
            "module.vpc.aws_vpc.this",
            "module.vpc.aws_vpc_ipv4_cidr_block_association.this"
          ]
        }
      ]
    },
    {
      "module": "module.vpc",
      "mode": "managed",
      "type": "aws_internet_gateway",
      "name": "this",
      "provider": "provider[\"registry.terraform.io/hashicorp/aws\"]",
      "instances": [
        {
          "index_key": 0,
          "schema_version": 0,
          "attributes": {
            "arn": "arn:aws:ec2:eu-west-2:524339405707:internet-gateway/igw-0d2194516bcc2ced1",
            "id": "igw-0d2194516bcc2ced1",
            "owner_id": "524339405707",
            "tags": {
              "Environment": "ob1-vpc-teraform",
              "Name": "ob1-f5-vpc"
            },
            "tags_all": {
              "Environment": "ob1-vpc-teraform",
              "Name": "ob1-f5-vpc"
            },
            "timeouts": null,
            "vpc_id": "vpc-03a7f9c1ce1198d8a"
          },
          "sensitive_attributes": [],
          "private": "eyJlMmJmYjczMC1lY2FhLTExZTYtOGY4OC0zNDM2M2JjN2M0YzAiOnsiY3JlYXRlIjoxMjAwMDAwMDAwMDAwLCJkZWxldGUiOjEyMDAwMDAwMDAwMDAsInVwZGF0ZSI6MTIwMDAwMDAwMDAwMH19",
          "dependencies": [
            "module.vpc.aws_vpc.this",
            "module.vpc.aws_vpc_ipv4_cidr_block_association.this"
          ]
        }
      ]
    },
    {
      "module": "module.vpc",
      "mode": "managed",
      "type": "aws_nat_gateway",
      "name": "this",
      "provider": "provider[\"registry.terraform.io/hashicorp/aws\"]",
      "instances": [
        {
          "index_key": 0,
          "schema_version": 0,
          "attributes": {
            "allocation_id": "eipalloc-09d1e810f5dbd0d71",
            "association_id": "eipassoc-027393d803f9b9c8e",
            "connectivity_type": "public",
            "id": "nat-0ecc2c08db4305a27",
            "network_interface_id": "eni-0b8e4ae24c9719061",
            "private_ip": "10.0.1.83",
            "public_ip": "3.8.34.48",
            "secondary_allocation_ids": null,
            "secondary_private_ip_address_count": 0,
            "secondary_private_ip_addresses": [],
            "subnet_id": "subnet-03e982ea4cbc1d03e",
            "tags": {
              "Environment": "ob1-vpc-teraform",
              "Name": "ob1-f5-vpc-eu-west-2a"
            },
            "tags_all": {
              "Environment": "ob1-vpc-teraform",
              "Name": "ob1-f5-vpc-eu-west-2a"
            },
            "timeouts": null
          },
          "sensitive_attributes": [],
          "private": "eyJlMmJmYjczMC1lY2FhLTExZTYtOGY4OC0zNDM2M2JjN2M0YzAiOnsiY3JlYXRlIjo2MDAwMDAwMDAwMDAsImRlbGV0ZSI6MTgwMDAwMDAwMDAwMCwidXBkYXRlIjo2MDAwMDAwMDAwMDB9fQ==",
          "dependencies": [
            "module.vpc.aws_eip.nat",
            "module.vpc.aws_internet_gateway.this",
            "module.vpc.aws_subnet.public",
            "module.vpc.aws_vpc.this",
            "module.vpc.aws_vpc_ipv4_cidr_block_association.this"
          ]
        },
        {
          "index_key": 1,
          "schema_version": 0,
          "attributes": {
            "allocation_id": "eipalloc-0bd402ddce5b7abf5",
            "association_id": "eipassoc-0c64431a06531b45b",
            "connectivity_type": "public",
            "id": "nat-0addfc8dc184ba552",
            "network_interface_id": "eni-023df71242edf7ea1",
            "private_ip": "10.0.2.240",
            "public_ip": "18.168.81.71",
            "secondary_allocation_ids": null,
            "secondary_private_ip_address_count": 0,
            "secondary_private_ip_addresses": [],
            "subnet_id": "subnet-07a96497c87179fc6",
            "tags": {
              "Environment": "ob1-vpc-teraform",
              "Name": "ob1-f5-vpc-eu-west-2a"
            },
            "tags_all": {
              "Environment": "ob1-vpc-teraform",
              "Name": "ob1-f5-vpc-eu-west-2a"
            },
            "timeouts": null
          },
          "sensitive_attributes": [],
          "private": "eyJlMmJmYjczMC1lY2FhLTExZTYtOGY4OC0zNDM2M2JjN2M0YzAiOnsiY3JlYXRlIjo2MDAwMDAwMDAwMDAsImRlbGV0ZSI6MTgwMDAwMDAwMDAwMCwidXBkYXRlIjo2MDAwMDAwMDAwMDB9fQ==",
          "dependencies": [
            "module.vpc.aws_eip.nat",
            "module.vpc.aws_internet_gateway.this",
            "module.vpc.aws_subnet.public",
            "module.vpc.aws_vpc.this",
            "module.vpc.aws_vpc_ipv4_cidr_block_association.this"
          ]
        }
      ]
    },
    {
      "module": "module.vpc",
      "mode": "managed",
      "type": "aws_route",
      "name": "private_nat_gateway",
      "provider": "provider[\"registry.terraform.io/hashicorp/aws\"]",
      "instances": [
        {
          "index_key": 0,
          "schema_version": 0,
          "attributes": {
            "carrier_gateway_id": "",
            "core_network_arn": "",
            "destination_cidr_block": "0.0.0.0/0",
            "destination_ipv6_cidr_block": "",
            "destination_prefix_list_id": "",
            "egress_only_gateway_id": "",
            "gateway_id": "",
            "id": "r-rtb-07c196fdc13e68fdb1080289494",
            "instance_id": "",
            "instance_owner_id": "",
            "local_gateway_id": "",
            "nat_gateway_id": "nat-0ecc2c08db4305a27",
            "network_interface_id": "",
            "origin": "CreateRoute",
            "route_table_id": "rtb-07c196fdc13e68fdb",
            "state": "active",
            "timeouts": {
              "create": "5m",
              "delete": null,
              "update": null
            },
            "transit_gateway_id": "",
            "vpc_endpoint_id": "",
            "vpc_peering_connection_id": ""
          },
          "sensitive_attributes": [],
          "private": "eyJlMmJmYjczMC1lY2FhLTExZTYtOGY4OC0zNDM2M2JjN2M0YzAiOnsiY3JlYXRlIjozMDAwMDAwMDAwMDAsImRlbGV0ZSI6MzAwMDAwMDAwMDAwLCJ1cGRhdGUiOjEyMDAwMDAwMDAwMH19",
          "dependencies": [
            "module.vpc.aws_eip.nat",
            "module.vpc.aws_internet_gateway.this",
            "module.vpc.aws_nat_gateway.this",
            "module.vpc.aws_route_table.private",
            "module.vpc.aws_subnet.public",
            "module.vpc.aws_vpc.this",
            "module.vpc.aws_vpc_ipv4_cidr_block_association.this"
          ]
        },
        {
          "index_key": 1,
          "schema_version": 0,
          "attributes": {
            "carrier_gateway_id": "",
            "core_network_arn": "",
            "destination_cidr_block": "0.0.0.0/0",
            "destination_ipv6_cidr_block": "",
            "destination_prefix_list_id": "",
            "egress_only_gateway_id": "",
            "gateway_id": "",
            "id": "r-rtb-01ad6b5b073712c381080289494",
            "instance_id": "",
            "instance_owner_id": "",
            "local_gateway_id": "",
            "nat_gateway_id": "nat-0addfc8dc184ba552",
            "network_interface_id": "",
            "origin": "CreateRoute",
            "route_table_id": "rtb-01ad6b5b073712c38",
            "state": "active",
            "timeouts": {
              "create": "5m",
              "delete": null,
              "update": null
            },
            "transit_gateway_id": "",
            "vpc_endpoint_id": "",
            "vpc_peering_connection_id": ""
          },
          "sensitive_attributes": [],
          "private": "eyJlMmJmYjczMC1lY2FhLTExZTYtOGY4OC0zNDM2M2JjN2M0YzAiOnsiY3JlYXRlIjozMDAwMDAwMDAwMDAsImRlbGV0ZSI6MzAwMDAwMDAwMDAwLCJ1cGRhdGUiOjEyMDAwMDAwMDAwMH19",
          "dependencies": [
            "module.vpc.aws_eip.nat",
            "module.vpc.aws_internet_gateway.this",
            "module.vpc.aws_nat_gateway.this",
            "module.vpc.aws_route_table.private",
            "module.vpc.aws_subnet.public",
            "module.vpc.aws_vpc.this",
            "module.vpc.aws_vpc_ipv4_cidr_block_association.this"
          ]
        }
      ]
    },
    {
      "module": "module.vpc",
      "mode": "managed",
      "type": "aws_route",
      "name": "public_internet_gateway",
      "provider": "provider[\"registry.terraform.io/hashicorp/aws\"]",
      "instances": [
        {
          "index_key": 0,
          "schema_version": 0,
          "attributes": {
            "carrier_gateway_id": "",
            "core_network_arn": "",
            "destination_cidr_block": "0.0.0.0/0",
            "destination_ipv6_cidr_block": "",
            "destination_prefix_list_id": "",
            "egress_only_gateway_id": "",
            "gateway_id": "igw-0d2194516bcc2ced1",
            "id": "r-rtb-08b2157d97e5c3f7e1080289494",
            "instance_id": "",
            "instance_owner_id": "",
            "local_gateway_id": "",
            "nat_gateway_id": "",
            "network_interface_id": "",
            "origin": "CreateRoute",
            "route_table_id": "rtb-08b2157d97e5c3f7e",
            "state": "active",
            "timeouts": {
              "create": "5m",
              "delete": null,
              "update": null
            },
            "transit_gateway_id": "",
            "vpc_endpoint_id": "",
            "vpc_peering_connection_id": ""
          },
          "sensitive_attributes": [],
          "private": "eyJlMmJmYjczMC1lY2FhLTExZTYtOGY4OC0zNDM2M2JjN2M0YzAiOnsiY3JlYXRlIjozMDAwMDAwMDAwMDAsImRlbGV0ZSI6MzAwMDAwMDAwMDAwLCJ1cGRhdGUiOjEyMDAwMDAwMDAwMH19",
          "dependencies": [
            "module.vpc.aws_internet_gateway.this",
            "module.vpc.aws_route_table.public",
            "module.vpc.aws_vpc.this",
            "module.vpc.aws_vpc_ipv4_cidr_block_association.this"
          ]
        }
      ]
    },
    {
      "module": "module.vpc",
      "mode": "managed",
      "type": "aws_route_table",
      "name": "private",
      "provider": "provider[\"registry.terraform.io/hashicorp/aws\"]",
      "instances": [
        {
          "index_key": 0,
          "schema_version": 0,
          "attributes": {
            "arn": "arn:aws:ec2:eu-west-2:524339405707:route-table/rtb-07c196fdc13e68fdb",
            "id": "rtb-07c196fdc13e68fdb",
            "owner_id": "524339405707",
            "propagating_vgws": [],
            "route": [],
            "tags": {
              "Environment": "ob1-vpc-teraform",
              "Name": "ob1-f5-vpc-private-eu-west-2a"
            },
            "tags_all": {
              "Environment": "ob1-vpc-teraform",
              "Name": "ob1-f5-vpc-private-eu-west-2a"
            },
            "timeouts": null,
            "vpc_id": "vpc-03a7f9c1ce1198d8a"
          },
          "sensitive_attributes": [],
          "private": "eyJlMmJmYjczMC1lY2FhLTExZTYtOGY4OC0zNDM2M2JjN2M0YzAiOnsiY3JlYXRlIjozMDAwMDAwMDAwMDAsImRlbGV0ZSI6MzAwMDAwMDAwMDAwLCJ1cGRhdGUiOjEyMDAwMDAwMDAwMH19",
          "dependencies": [
            "module.vpc.aws_vpc.this",
            "module.vpc.aws_vpc_ipv4_cidr_block_association.this"
          ]
        },
        {
          "index_key": 1,
          "schema_version": 0,
          "attributes": {
            "arn": "arn:aws:ec2:eu-west-2:524339405707:route-table/rtb-01ad6b5b073712c38",
            "id": "rtb-01ad6b5b073712c38",
            "owner_id": "524339405707",
            "propagating_vgws": [],
            "route": [],
            "tags": {
              "Environment": "ob1-vpc-teraform",
              "Name": "ob1-f5-vpc-private-eu-west-2a"
            },
            "tags_all": {
              "Environment": "ob1-vpc-teraform",
              "Name": "ob1-f5-vpc-private-eu-west-2a"
            },
            "timeouts": null,
            "vpc_id": "vpc-03a7f9c1ce1198d8a"
          },
          "sensitive_attributes": [],
          "private": "eyJlMmJmYjczMC1lY2FhLTExZTYtOGY4OC0zNDM2M2JjN2M0YzAiOnsiY3JlYXRlIjozMDAwMDAwMDAwMDAsImRlbGV0ZSI6MzAwMDAwMDAwMDAwLCJ1cGRhdGUiOjEyMDAwMDAwMDAwMH19",
          "dependencies": [
            "module.vpc.aws_vpc.this",
            "module.vpc.aws_vpc_ipv4_cidr_block_association.this"
          ]
        }
      ]
    },
    {
      "module": "module.vpc",
      "mode": "managed",
      "type": "aws_route_table",
      "name": "public",
      "provider": "provider[\"registry.terraform.io/hashicorp/aws\"]",
      "instances": [
        {
          "index_key": 0,
          "schema_version": 0,
          "attributes": {
            "arn": "arn:aws:ec2:eu-west-2:524339405707:route-table/rtb-08b2157d97e5c3f7e",
            "id": "rtb-08b2157d97e5c3f7e",
            "owner_id": "524339405707",
            "propagating_vgws": [],
            "route": [],
            "tags": {
              "Environment": "ob1-vpc-teraform",
              "Name": "ob1-f5-vpc-public"
            },
            "tags_all": {
              "Environment": "ob1-vpc-teraform",
              "Name": "ob1-f5-vpc-public"
            },
            "timeouts": null,
            "vpc_id": "vpc-03a7f9c1ce1198d8a"
          },
          "sensitive_attributes": [],
          "private": "eyJlMmJmYjczMC1lY2FhLTExZTYtOGY4OC0zNDM2M2JjN2M0YzAiOnsiY3JlYXRlIjozMDAwMDAwMDAwMDAsImRlbGV0ZSI6MzAwMDAwMDAwMDAwLCJ1cGRhdGUiOjEyMDAwMDAwMDAwMH19",
          "dependencies": [
            "module.vpc.aws_vpc.this",
            "module.vpc.aws_vpc_ipv4_cidr_block_association.this"
          ]
        }
      ]
    },
    {
      "module": "module.vpc",
      "mode": "managed",
      "type": "aws_route_table_association",
      "name": "private",
      "provider": "provider[\"registry.terraform.io/hashicorp/aws\"]",
      "instances": [
        {
          "index_key": 0,
          "schema_version": 0,
          "attributes": {
            "gateway_id": "",
            "id": "rtbassoc-08194c903f65adc43",
            "route_table_id": "rtb-07c196fdc13e68fdb",
            "subnet_id": "subnet-09908feef074f3d0b",
            "timeouts": null
          },
          "sensitive_attributes": [],
          "private": "eyJlMmJmYjczMC1lY2FhLTExZTYtOGY4OC0zNDM2M2JjN2M0YzAiOnsiY3JlYXRlIjozMDAwMDAwMDAwMDAsImRlbGV0ZSI6MzAwMDAwMDAwMDAwLCJ1cGRhdGUiOjEyMDAwMDAwMDAwMH19",
          "dependencies": [
            "module.vpc.aws_route_table.private",
            "module.vpc.aws_subnet.private",
            "module.vpc.aws_vpc.this",
            "module.vpc.aws_vpc_ipv4_cidr_block_association.this"
          ]
        }
      ]
    },
    {
      "module": "module.vpc",
      "mode": "managed",
      "type": "aws_route_table_association",
      "name": "public",
      "provider": "provider[\"registry.terraform.io/hashicorp/aws\"]",
      "instances": [
        {
          "index_key": 0,
          "schema_version": 0,
          "attributes": {
            "gateway_id": "",
            "id": "rtbassoc-066b9d316885ca7c1",
            "route_table_id": "rtb-08b2157d97e5c3f7e",
            "subnet_id": "subnet-03e982ea4cbc1d03e",
            "timeouts": null
          },
          "sensitive_attributes": [],
          "private": "eyJlMmJmYjczMC1lY2FhLTExZTYtOGY4OC0zNDM2M2JjN2M0YzAiOnsiY3JlYXRlIjozMDAwMDAwMDAwMDAsImRlbGV0ZSI6MzAwMDAwMDAwMDAwLCJ1cGRhdGUiOjEyMDAwMDAwMDAwMH19",
          "dependencies": [
            "module.vpc.aws_route_table.public",
            "module.vpc.aws_subnet.public",
            "module.vpc.aws_vpc.this",
            "module.vpc.aws_vpc_ipv4_cidr_block_association.this"
          ]
        },
        {
          "index_key": 1,
          "schema_version": 0,
          "attributes": {
            "gateway_id": "",
            "id": "rtbassoc-005c636764cb4b16e",
            "route_table_id": "rtb-08b2157d97e5c3f7e",
            "subnet_id": "subnet-07a96497c87179fc6",
            "timeouts": null
          },
          "sensitive_attributes": [],
          "private": "eyJlMmJmYjczMC1lY2FhLTExZTYtOGY4OC0zNDM2M2JjN2M0YzAiOnsiY3JlYXRlIjozMDAwMDAwMDAwMDAsImRlbGV0ZSI6MzAwMDAwMDAwMDAwLCJ1cGRhdGUiOjEyMDAwMDAwMDAwMH19",
          "dependencies": [
            "module.vpc.aws_route_table.public",
            "module.vpc.aws_subnet.public",
            "module.vpc.aws_vpc.this",
            "module.vpc.aws_vpc_ipv4_cidr_block_association.this"
          ]
        }
      ]
    },
    {
      "module": "module.vpc",
      "mode": "managed",
      "type": "aws_subnet",
      "name": "private",
      "provider": "provider[\"registry.terraform.io/hashicorp/aws\"]",
      "instances": [
        {
          "index_key": 0,
          "schema_version": 1,
          "attributes": {
            "arn": "arn:aws:ec2:eu-west-2:524339405707:subnet/subnet-09908feef074f3d0b",
            "assign_ipv6_address_on_creation": false,
            "availability_zone": "eu-west-2a",
            "availability_zone_id": "euw2-az2",
            "cidr_block": "10.0.3.0/24",
            "customer_owned_ipv4_pool": "",
            "enable_dns64": false,
            "enable_lni_at_device_index": 0,
            "enable_resource_name_dns_a_record_on_launch": false,
            "enable_resource_name_dns_aaaa_record_on_launch": false,
            "id": "subnet-09908feef074f3d0b",
            "ipv6_cidr_block": "",
            "ipv6_cidr_block_association_id": "",
            "ipv6_native": false,
            "map_customer_owned_ip_on_launch": false,
            "map_public_ip_on_launch": false,
            "outpost_arn": "",
            "owner_id": "524339405707",
            "private_dns_hostname_type_on_launch": "ip-name",
            "tags": {
              "Environment": "ob1-vpc-teraform",
              "Name": "ob1-f5-vpc-private-eu-west-2a"
            },
            "tags_all": {
              "Environment": "ob1-vpc-teraform",
              "Name": "ob1-f5-vpc-private-eu-west-2a"
            },
            "timeouts": null,
            "vpc_id": "vpc-03a7f9c1ce1198d8a"
          },
          "sensitive_attributes": [],
          "private": "eyJlMmJmYjczMC1lY2FhLTExZTYtOGY4OC0zNDM2M2JjN2M0YzAiOnsiY3JlYXRlIjo2MDAwMDAwMDAwMDAsImRlbGV0ZSI6MTIwMDAwMDAwMDAwMH0sInNjaGVtYV92ZXJzaW9uIjoiMSJ9",
          "dependencies": [
            "module.vpc.aws_vpc.this",
            "module.vpc.aws_vpc_ipv4_cidr_block_association.this"
          ]
        }
      ]
    },
    {
      "module": "module.vpc",
      "mode": "managed",
      "type": "aws_subnet",
      "name": "public",
      "provider": "provider[\"registry.terraform.io/hashicorp/aws\"]",
      "instances": [
        {
          "index_key": 0,
          "schema_version": 1,
          "attributes": {
            "arn": "arn:aws:ec2:eu-west-2:524339405707:subnet/subnet-03e982ea4cbc1d03e",
            "assign_ipv6_address_on_creation": false,
            "availability_zone": "eu-west-2a",
            "availability_zone_id": "euw2-az2",
            "cidr_block": "10.0.1.0/24",
            "customer_owned_ipv4_pool": "",
            "enable_dns64": false,
            "enable_lni_at_device_index": 0,
            "enable_resource_name_dns_a_record_on_launch": false,
            "enable_resource_name_dns_aaaa_record_on_launch": false,
            "id": "subnet-03e982ea4cbc1d03e",
            "ipv6_cidr_block": "",
            "ipv6_cidr_block_association_id": "",
            "ipv6_native": false,
            "map_customer_owned_ip_on_launch": false,
            "map_public_ip_on_launch": false,
            "outpost_arn": "",
            "owner_id": "524339405707",
            "private_dns_hostname_type_on_launch": "ip-name",
            "tags": {
              "Environment": "ob1-vpc-teraform",
              "Name": "ob1-f5-vpc-public-eu-west-2a"
            },
            "tags_all": {
              "Environment": "ob1-vpc-teraform",
              "Name": "ob1-f5-vpc-public-eu-west-2a"
            },
            "timeouts": null,
            "vpc_id": "vpc-03a7f9c1ce1198d8a"
          },
          "sensitive_attributes": [],
          "private": "eyJlMmJmYjczMC1lY2FhLTExZTYtOGY4OC0zNDM2M2JjN2M0YzAiOnsiY3JlYXRlIjo2MDAwMDAwMDAwMDAsImRlbGV0ZSI6MTIwMDAwMDAwMDAwMH0sInNjaGVtYV92ZXJzaW9uIjoiMSJ9",
          "dependencies": [
            "module.vpc.aws_vpc.this",
            "module.vpc.aws_vpc_ipv4_cidr_block_association.this"
          ]
        },
        {
          "index_key": 1,
          "schema_version": 1,
          "attributes": {
            "arn": "arn:aws:ec2:eu-west-2:524339405707:subnet/subnet-07a96497c87179fc6",
            "assign_ipv6_address_on_creation": false,
            "availability_zone": "eu-west-2a",
            "availability_zone_id": "euw2-az2",
            "cidr_block": "10.0.2.0/24",
            "customer_owned_ipv4_pool": "",
            "enable_dns64": false,
            "enable_lni_at_device_index": 0,
            "enable_resource_name_dns_a_record_on_launch": false,
            "enable_resource_name_dns_aaaa_record_on_launch": false,
            "id": "subnet-07a96497c87179fc6",
            "ipv6_cidr_block": "",
            "ipv6_cidr_block_association_id": "",
            "ipv6_native": false,
            "map_customer_owned_ip_on_launch": false,
            "map_public_ip_on_launch": false,
            "outpost_arn": "",
            "owner_id": "524339405707",
            "private_dns_hostname_type_on_launch": "ip-name",
            "tags": {
              "Environment": "ob1-vpc-teraform",
              "Name": "ob1-f5-vpc-public-eu-west-2a"
            },
            "tags_all": {
              "Environment": "ob1-vpc-teraform",
              "Name": "ob1-f5-vpc-public-eu-west-2a"
            },
            "timeouts": null,
            "vpc_id": "vpc-03a7f9c1ce1198d8a"
          },
          "sensitive_attributes": [],
          "private": "eyJlMmJmYjczMC1lY2FhLTExZTYtOGY4OC0zNDM2M2JjN2M0YzAiOnsiY3JlYXRlIjo2MDAwMDAwMDAwMDAsImRlbGV0ZSI6MTIwMDAwMDAwMDAwMH0sInNjaGVtYV92ZXJzaW9uIjoiMSJ9",
          "dependencies": [
            "module.vpc.aws_vpc.this",
            "module.vpc.aws_vpc_ipv4_cidr_block_association.this"
          ]
        }
      ]
    },
    {
      "module": "module.vpc",
      "mode": "managed",
      "type": "aws_vpc",
      "name": "this",
      "provider": "provider[\"registry.terraform.io/hashicorp/aws\"]",
      "instances": [
        {
          "index_key": 0,
          "schema_version": 1,
          "attributes": {
            "arn": "arn:aws:ec2:eu-west-2:524339405707:vpc/vpc-03a7f9c1ce1198d8a",
            "assign_generated_ipv6_cidr_block": false,
            "cidr_block": "10.0.0.0/16",
            "default_network_acl_id": "acl-01c144c8609411fbc",
            "default_route_table_id": "rtb-088c49c5b095d1d2c",
            "default_security_group_id": "sg-05c5b5dbacf2cbf20",
            "dhcp_options_id": "dopt-0658343fff1b87354",
            "enable_dns_hostnames": true,
            "enable_dns_support": true,
            "enable_network_address_usage_metrics": false,
            "id": "vpc-03a7f9c1ce1198d8a",
            "instance_tenancy": "default",
            "ipv4_ipam_pool_id": null,
            "ipv4_netmask_length": null,
            "ipv6_association_id": "",
            "ipv6_cidr_block": "",
            "ipv6_cidr_block_network_border_group": "",
            "ipv6_ipam_pool_id": "",
            "ipv6_netmask_length": 0,
            "main_route_table_id": "rtb-088c49c5b095d1d2c",
            "owner_id": "524339405707",
            "tags": {
              "Environment": "ob1-vpc-teraform",
              "Name": "ob1-f5-vpc"
            },
            "tags_all": {
              "Environment": "ob1-vpc-teraform",
              "Name": "ob1-f5-vpc"
            }
          },
          "sensitive_attributes": [],
          "private": "eyJzY2hlbWFfdmVyc2lvbiI6IjEifQ=="
        }
      ]
    }
  ],
  "check_results": null
}
